// !$*UTF8*$!
{
	archiveVersion = 1;
	classes = {
	};
	objectVersion = 48;
	objects = {

/* Begin PBXBuildFile section */
		90C03E081F8A616F004B750B /* AppDelegate.swift in Sources */ = {isa = PBXBuildFile; fileRef = 90C03E071F8A616F004B750B /* AppDelegate.swift */; };
		90C03E0A1F8A616F004B750B /* art.scnassets in Resources */ = {isa = PBXBuildFile; fileRef = 90C03E091F8A616F004B750B /* art.scnassets */; };
		90C03E0C1F8A616F004B750B /* ViewController.swift in Sources */ = {isa = PBXBuildFile; fileRef = 90C03E0B1F8A616F004B750B /* ViewController.swift */; };
		90C03E0F1F8A616F004B750B /* Main.storyboard in Resources */ = {isa = PBXBuildFile; fileRef = 90C03E0D1F8A616F004B750B /* Main.storyboard */; };
		90C03E111F8A616F004B750B /* Assets.xcassets in Resources */ = {isa = PBXBuildFile; fileRef = 90C03E101F8A616F004B750B /* Assets.xcassets */; };
		90C03E141F8A616F004B750B /* LaunchScreen.storyboard in Resources */ = {isa = PBXBuildFile; fileRef = 90C03E121F8A616F004B750B /* LaunchScreen.storyboard */; };
/* End PBXBuildFile section */

/* Begin PBXFileReference section */
		90C03E041F8A616F004B750B /* QuantumTape.app */ = {isa = PBXFileReference; explicitFileType = wrapper.application; includeInIndex = 0; path = QuantumTape.app; sourceTree = BUILT_PRODUCTS_DIR; };
		90C03E071F8A616F004B750B /* AppDelegate.swift */ = {isa = PBXFileReference; lastKnownFileType = sourcecode.swift; path = AppDelegate.swift; sourceTree = "<group>"; };
		90C03E091F8A616F004B750B /* art.scnassets */ = {isa = PBXFileReference; lastKnownFileType = wrapper.scnassets; path = art.scnassets; sourceTree = "<group>"; };
		90C03E0B1F8A616F004B750B /* ViewController.swift */ = {isa = PBXFileReference; lastKnownFileType = sourcecode.swift; path = ViewController.swift; sourceTree = "<group>"; };
		90C03E0E1F8A616F004B750B /* Base */ = {isa = PBXFileReference; lastKnownFileType = file.storyboard; name = Base; path = Base.lproj/Main.storyboard; sourceTree = "<group>"; };
		90C03E101F8A616F004B750B /* Assets.xcassets */ = {isa = PBXFileReference; lastKnownFileType = folder.assetcatalog; path = Assets.xcassets; sourceTree = "<group>"; };
		90C03E131F8A616F004B750B /* Base */ = {isa = PBXFileReference; lastKnownFileType = file.storyboard; name = Base; path = Base.lproj/LaunchScreen.storyboard; sourceTree = "<group>"; };
		90C03E151F8A616F004B750B /* Info.plist */ = {isa = PBXFileReference; lastKnownFileType = text.plist.xml; path = Info.plist; sourceTree = "<group>"; };
/* End PBXFileReference section */

/* Begin PBXFrameworksBuildPhase section */
		90C03E011F8A616F004B750B /* Frameworks */ = {
			isa = PBXFrameworksBuildPhase;
			buildActionMask = 2147483647;
			files = (
			);
			runOnlyForDeploymentPostprocessing = 0;
		};
/* End PBXFrameworksBuildPhase section */

/* Begin PBXGroup section */
		90C03DFB1F8A616F004B750B = {
			isa = PBXGroup;
			children = (
				90C03E061F8A616F004B750B /* QuantumTape */,
				90C03E051F8A616F004B750B /* Products */,
			);
			sourceTree = "<group>";
		};
		90C03E051F8A616F004B750B /* Products */ = {
			isa = PBXGroup;
			children = (
				90C03E041F8A616F004B750B /* QuantumTape.app */,
			);
			name = Products;
			sourceTree = "<group>";
		};
		90C03E061F8A616F004B750B /* QuantumTape */ = {
			isa = PBXGroup;
			children = (
				90C03E071F8A616F004B750B /* AppDelegate.swift */,
				90C03E091F8A616F004B750B /* art.scnassets */,
				90C03E0B1F8A616F004B750B /* ViewController.swift */,
				90C03E0D1F8A616F004B750B /* Main.storyboard */,
				90C03E101F8A616F004B750B /* Assets.xcassets */,
				90C03E121F8A616F004B750B /* LaunchScreen.storyboard */,
				90C03E151F8A616F004B750B /* Info.plist */,
			);
			path = QuantumTape;
			sourceTree = "<group>";
		};
/* End PBXGroup section */

/* Begin PBXNativeTarget section */
		90C03E031F8A616F004B750B /* QuantumTape */ = {
			isa = PBXNativeTarget;
			buildConfigurationList = 90C03E181F8A616F004B750B /* Build configuration list for PBXNativeTarget "QuantumTape" */;
			buildPhases = (
				90C03E001F8A616F004B750B /* Sources */,
				90C03E011F8A616F004B750B /* Frameworks */,
				90C03E021F8A616F004B750B /* Resources */,
			);
			buildRules = (
			);
			dependencies = (
			);
			name = QuantumTape;
			productName = QuantumTape;
			productReference = 90C03E041F8A616F004B750B /* QuantumTape.app */;
			productType = "com.apple.product-type.application";
		};
/* End PBXNativeTarget section */

/* Begin PBXProject section */
		90C03DFC1F8A616F004B750B /* Project object */ = {
			isa = PBXProject;
			attributes = {
				LastSwiftUpdateCheck = 0900;
				LastUpgradeCheck = 0900;
				ORGANIZATIONNAME = "Michael Jay Abalos";
				TargetAttributes = {
					90C03E031F8A616F004B750B = {
						CreatedOnToolsVersion = 9.0;
						ProvisioningStyle = Automatic;
					};
				};
			};
			buildConfigurationList = 90C03DFF1F8A616F004B750B /* Build configuration list for PBXProject "QuantumTape" */;
			compatibilityVersion = "Xcode 8.0";
			developmentRegion = en;
			hasScannedForEncodings = 0;
			knownRegions = (
				en,
				Base,
			);
			mainGroup = 90C03DFB1F8A616F004B750B;
			productRefGroup = 90C03E051F8A616F004B750B /* Products */;
			projectDirPath = "";
			projectRoot = "";
			targets = (
				90C03E031F8A616F004B750B /* QuantumTape */,
			);
		};
/* End PBXProject section */

/* Begin PBXResourcesBuildPhase section */
		90C03E021F8A616F004B750B /* Resources */ = {
			isa = PBXResourcesBuildPhase;
			buildActionMask = 2147483647;
			files = (
				90C03E0A1F8A616F004B750B /* art.scnassets in Resources */,
				90C03E141F8A616F004B750B /* LaunchScreen.storyboard in Resources */,
				90C03E111F8A616F004B750B /* Assets.xcassets in Resources */,
				90C03E0F1F8A616F004B750B /* Main.storyboard in Resources */,
			);
			runOnlyForDeploymentPostprocessing = 0;
		};
/* End PBXResourcesBuildPhase section */

/* Begin PBXSourcesBuildPhase section */
		90C03E001F8A616F004B750B /* Sources */ = {
			isa = PBXSourcesBuildPhase;
			buildActionMask = 2147483647;
			files = (
				90C03E0C1F8A616F004B750B /* ViewController.swift in Sources */,
				90C03E081F8A616F004B750B /* AppDelegate.swift in Sources */,
			);
			runOnlyForDeploymentPostprocessing = 0;
		};
/* End PBXSourcesBuildPhase section */

/* Begin PBXVariantGroup section */
		90C03E0D1F8A616F004B750B /* Main.storyboard */ = {
			isa = PBXVariantGroup;
			children = (
				90C03E0E1F8A616F004B750B /* Base */,
			);
			name = Main.storyboard;
			sourceTree = "<group>";
		};
		90C03E121F8A616F004B750B /* LaunchScreen.storyboard */ = {
			isa = PBXVariantGroup;
			children = (
				90C03E131F8A616F004B750B /* Base */,
			);
			name = LaunchScreen.storyboard;
			sourceTree = "<group>";
		};
/* End PBXVariantGroup section */

/* Begin XCBuildConfiguration section */
		90C03E161F8A616F004B750B /* Debug */ = {
			isa = XCBuildConfiguration;
			buildSettings = {
				ALWAYS_SEARCH_USER_PATHS = NO;
				CLANG_ANALYZER_NONNULL = YES;
				CLANG_ANALYZER_NUMBER_OBJECT_CONVERSION = YES_AGGRESSIVE;
				CLANG_CXX_LANGUAGE_STANDARD = "gnu++14";
				CLANG_CXX_LIBRARY = "libc++";
				CLANG_ENABLE_MODULES = YES;
				CLANG_ENABLE_OBJC_ARC = YES;
				CLANG_WARN_BLOCK_CAPTURE_AUTORELEASING = YES;
				CLANG_WARN_BOOL_CONVERSION = YES;
				CLANG_WARN_COMMA = YES;
				CLANG_WARN_CONSTANT_CONVERSION = YES;
				CLANG_WARN_DIRECT_OBJC_ISA_USAGE = YES_ERROR;
				CLANG_WARN_DOCUMENTATION_COMMENTS = YES;
				CLANG_WARN_EMPTY_BODY = YES;
				CLANG_WARN_ENUM_CONVERSION = YES;
				CLANG_WARN_INFINITE_RECURSION = YES;
				CLANG_WARN_INT_CONVERSION = YES;
				CLANG_WARN_NON_LITERAL_NULL_CONVERSION = YES;
				CLANG_WARN_OBJC_LITERAL_CONVERSION = YES;
				CLANG_WARN_OBJC_ROOT_CLASS = YES_ERROR;
				CLANG_WARN_RANGE_LOOP_ANALYSIS = YES;
				CLANG_WARN_STRICT_PROTOTYPES = YES;
				CLANG_WARN_SUSPICIOUS_MOVE = YES;
				CLANG_WARN_UNGUARDED_AVAILABILITY = YES_AGGRESSIVE;
				CLANG_WARN_UNREACHABLE_CODE = YES;
				CLANG_WARN__DUPLICATE_METHOD_MATCH = YES;
				CODE_SIGN_IDENTITY = "iPhone Developer";
				COPY_PHASE_STRIP = NO;
				DEBUG_INFORMATION_FORMAT = dwarf;
				ENABLE_STRICT_OBJC_MSGSEND = YES;
				ENABLE_TESTABILITY = YES;
				GCC_C_LANGUAGE_STANDARD = gnu11;
				GCC_DYNAMIC_NO_PIC = NO;
				GCC_NO_COMMON_BLOCKS = YES;
				GCC_OPTIMIZATION_LEVEL = 0;
				GCC_PREPROCESSOR_DEFINITIONS = (
					"DEBUG=1",
					"$(inherited)",
				);
				GCC_WARN_64_TO_32_BIT_CONVERSION = YES;
				GCC_WARN_ABOUT_RETURN_TYPE = YES_ERROR;
				GCC_WARN_UNDECLARED_SELECTOR = YES;
				GCC_WARN_UNINITIALIZED_AUTOS = YES_AGGRESSIVE;
				GCC_WARN_UNUSED_FUNCTION = YES;
				GCC_WARN_UNUSED_VARIABLE = YES;
				IPHONEOS_DEPLOYMENT_TARGET = 11.0;
				MTL_ENABLE_DEBUG_INFO = YES;
				ONLY_ACTIVE_ARCH = YES;
				SDKROOT = iphoneos;
				SWIFT_ACTIVE_COMPILATION_CONDITIONS = DEBUG;
				SWIFT_OPTIMIZATION_LEVEL = "-Onone";
			};
			name = Debug;
		};
		90C03E171F8A616F004B750B /* Release */ = {
			isa = XCBuildConfiguration;
			buildSettings = {
				ALWAYS_SEARCH_USER_PATHS = NO;
				CLANG_ANALYZER_NONNULL = YES;
				CLANG_ANALYZER_NUMBER_OBJECT_CONVERSION = YES_AGGRESSIVE;
				CLANG_CXX_LANGUAGE_STANDARD = "gnu++14";
				CLANG_CXX_LIBRARY = "libc++";
				CLANG_ENABLE_MODULES = YES;
				CLANG_ENABLE_OBJC_ARC = YES;
				CLANG_WARN_BLOCK_CAPTURE_AUTORELEASING = YES;
				CLANG_WARN_BOOL_CONVERSION = YES;
				CLANG_WARN_COMMA = YES;
				CLANG_WARN_CONSTANT_CONVERSION = YES;
				CLANG_WARN_DIRECT_OBJC_ISA_USAGE = YES_ERROR;
				CLANG_WARN_DOCUMENTATION_COMMENTS = YES;
				CLANG_WARN_EMPTY_BODY = YES;
				CLANG_WARN_ENUM_CONVERSION = YES;
				CLANG_WARN_INFINITE_RECURSION = YES;
				CLANG_WARN_INT_CONVERSION = YES;
				CLANG_WARN_NON_LITERAL_NULL_CONVERSION = YES;
				CLANG_WARN_OBJC_LITERAL_CONVERSION = YES;
				CLANG_WARN_OBJC_ROOT_CLASS = YES_ERROR;
				CLANG_WARN_RANGE_LOOP_ANALYSIS = YES;
				CLANG_WARN_STRICT_PROTOTYPES = YES;
				CLANG_WARN_SUSPICIOUS_MOVE = YES;
				CLANG_WARN_UNGUARDED_AVAILABILITY = YES_AGGRESSIVE;
				CLANG_WARN_UNREACHABLE_CODE = YES;
				CLANG_WARN__DUPLICATE_METHOD_MATCH = YES;
				CODE_SIGN_IDENTITY = "iPhone Developer";
				COPY_PHASE_STRIP = NO;
				DEBUG_INFORMATION_FORMAT = "dwarf-with-dsym";
				ENABLE_NS_ASSERTIONS = NO;
				ENABLE_STRICT_OBJC_MSGSEND = YES;
				GCC_C_LANGUAGE_STANDARD = gnu11;
				GCC_NO_COMMON_BLOCKS = YES;
				GCC_WARN_64_TO_32_BIT_CONVERSION = YES;
				GCC_WARN_ABOUT_RETURN_TYPE = YES_ERROR;
				GCC_WARN_UNDECLARED_SELECTOR = YES;
				GCC_WARN_UNINITIALIZED_AUTOS = YES_AGGRESSIVE;
				GCC_WARN_UNUSED_FUNCTION = YES;
				GCC_WARN_UNUSED_VARIABLE = YES;
				IPHONEOS_DEPLOYMENT_TARGET = 11.0;
				MTL_ENABLE_DEBUG_INFO = NO;
				SDKROOT = iphoneos;
				SWIFT_OPTIMIZATION_LEVEL = "-Owholemodule";
				VALIDATE_PRODUCT = YES;
			};
			name = Release;
		};
		90C03E191F8A616F004B750B /* Debug */ = {
			isa = XCBuildConfiguration;
			buildSettings = {
				ASSETCATALOG_COMPILER_APPICON_NAME = AppIcon;
				CODE_SIGN_STYLE = Automatic;
				DEVELOPMENT_TEAM = 5J53D8LD85;
				INFOPLIST_FILE = QuantumTape/Info.plist;
				LD_RUNPATH_SEARCH_PATHS = "$(inherited) @executable_path/Frameworks";
				PRODUCT_BUNDLE_IDENTIFIER = com.kryptoslex.QuantumTape;
				PRODUCT_NAME = "$(TARGET_NAME)";
				SWIFT_VERSION = 4.0;
				TARGETED_DEVICE_FAMILY = "1,2";
			};
			name = Debug;
		};
		90C03E1A1F8A616F004B750B /* Release */ = {
			isa = XCBuildConfiguration;
			buildSettings = {
				ASSETCATALOG_COMPILER_APPICON_NAME = AppIcon;
				CODE_SIGN_STYLE = Automatic;
				DEVELOPMENT_TEAM = 5J53D8LD85;
				INFOPLIST_FILE = QuantumTape/Info.plist;
				LD_RUNPATH_SEARCH_PATHS = "$(inherited) @executable_path/Frameworks";
				PRODUCT_BUNDLE_IDENTIFIER = com.kryptoslex.QuantumTape;
				PRODUCT_NAME = "$(TARGET_NAME)";
				SWIFT_VERSION = 4.0;
				TARGETED_DEVICE_FAMILY = "1,2";
			};
			name = Release;
		};
/* End XCBuildConfiguration section */

/* Begin XCConfigurationList section */
		90C03DFF1F8A616F004B750B /* Build configuration list for PBXProject "QuantumTape" */ = {
			isa = XCConfigurationList;
			buildConfigurations = (
				90C03E161F8A616F004B750B /* Debug */,
				90C03E171F8A616F004B750B /* Release */,
			);
			defaultConfigurationIsVisible = 0;
			defaultConfigurationName = Release;
		};
		90C03E181F8A616F004B750B /* Build configuration list for PBXNativeTarget "QuantumTape" */ = {
			isa = XCConfigurationList;
			buildConfigurations = (
				90C03E191F8A616F004B750B /* Debug */,
				90C03E1A1F8A616F004B750B /* Release */,
			);
			defaultConfigurationIsVisible = 0;
			defaultConfigurationName = Release;
		};
/* End XCConfigurationList section */
	};
	rootObject = 90C03DFC1F8A616F004B750B /* Project object */;
}
